Microsoft Visual Studio Solution File, Format Version 12.00
# Visual Studio Version 17
VisualStudioVersion = 17.5.2.0
MinimumVisualStudioVersion = 10.0.40219.1
Project("{FAE04EC0-301F-11D3-BF4B-00C04F79EFBC}") = "Unitic_BE", "Unitic_BE.csproj", "{64DD70C7-B5EC-FD45-0EAF-95F35D4926F5}"
EndProject
Global
	GlobalSection(SolutionConfigurationPlatforms) = preSolution
		Debug|Any CPU = Debug|Any CPU
		Release|Any CPU = Release|Any CPU
	EndGlobalSection
	GlobalSection(ProjectConfigurationPlatforms) = postSolution
		{64DD70C7-B5EC-FD45-0EAF-95F35D4926F5}.Debug|Any CPU.ActiveCfg = Debug|Any CPU
		{64DD70C7-B5EC-FD45-0EAF-95F35D4926F5}.Debug|Any CPU.Build.0 = Debug|Any CPU
		{64DD70C7-B5EC-FD45-0EAF-95F35D4926F5}.Release|Any CPU.ActiveCfg = Release|Any CPU
		{64DD70C7-B5EC-FD45-0EAF-95F35D4926F5}.Release|Any CPU.Build.0 = Release|Any CPU
	EndGlobalSection
	GlobalSection(SolutionProperties) = preSolution
		HideSolutionNode = FALSE
	EndGlobalSection
	GlobalSection(ExtensibilityGlobals) = postSolution
		SolutionGuid = {8B092160-4A97-411A-9B5D-7D31ED7CB604}
	EndGlobalSection
EndGlobal
